
Microsoft Visual Studio Solution File, Format Version 12.00
# Visual Studio Version 16
VisualStudioVersion = 16.0.30320.27
MinimumVisualStudioVersion = 10.0.40219.1
Project("{FAE04EC0-301F-11D3-BF4B-00C04F79EFBC}") = "3D_Printer_PC_v2", "3D_Printer_PC_v2\3D_Printer_PC_v2.csproj", "{5C7DB22C-6F56-4B0B-9197-A37F48B31FAB}"
EndProject
Global
	GlobalSection(SolutionConfigurationPlatforms) = preSolution
		Debug|Any CPU = Debug|Any CPU
		Release|Any CPU = Release|Any CPU
	EndGlobalSection
	GlobalSection(ProjectConfigurationPlatforms) = postSolution
		{5C7DB22C-6F56-4B0B-9197-A37F48B31FAB}.Debug|Any CPU.ActiveCfg = Debug|Any CPU
		{5C7DB22C-6F56-4B0B-9197-A37F48B31FAB}.Debug|Any CPU.Build.0 = Debug|Any CPU
		{5C7DB22C-6F56-4B0B-9197-A37F48B31FAB}.Release|Any CPU.ActiveCfg = Release|Any CPU
		{5C7DB22C-6F56-4B0B-9197-A37F48B31FAB}.Release|Any CPU.Build.0 = Release|Any CPU
	EndGlobalSection
	GlobalSection(SolutionProperties) = preSolution
		HideSolutionNode = FALSE
	EndGlobalSection
	GlobalSection(ExtensibilityGlobals) = postSolution
		SolutionGuid = {0A0D6A0E-1637-476C-B322-B4A568357DE3}
	EndGlobalSection
EndGlobal
